
Microsoft Visual Studio Solution File, Format Version 11.00
# Visual Studio 2010
Project("{FAE04EC0-301F-11D3-BF4B-00C04F79EFBC}") = "KickOut", "Assembly-CSharp.csproj", "{19B57CF7-F2D5-F0AF-4F7F-7C099CC4249D}"
EndProject
Project("{FAE04EC0-301F-11D3-BF4B-00C04F79EFBC}") = "KickOut", "Assembly-CSharp-Editor.csproj", "{1AEB88D5-1F70-3623-5735-19974B93BF63}"
EndProject
Global
	GlobalSection(SolutionConfigurationPlatforms) = preSolution
		Debug|Any CPU = Debug|Any CPU
		Release|Any CPU = Release|Any CPU
	EndGlobalSection
	GlobalSection(ProjectConfigurationPlatforms) = postSolution
		{19B57CF7-F2D5-F0AF-4F7F-7C099CC4249D}.Debug|Any CPU.ActiveCfg = Debug|Any CPU
		{19B57CF7-F2D5-F0AF-4F7F-7C099CC4249D}.Debug|Any CPU.Build.0 = Debug|Any CPU
		{19B57CF7-F2D5-F0AF-4F7F-7C099CC4249D}.Release|Any CPU.ActiveCfg = Release|Any CPU
		{19B57CF7-F2D5-F0AF-4F7F-7C099CC4249D}.Release|Any CPU.Build.0 = Release|Any CPU
		{1AEB88D5-1F70-3623-5735-19974B93BF63}.Debug|Any CPU.ActiveCfg = Debug|Any CPU
		{1AEB88D5-1F70-3623-5735-19974B93BF63}.Debug|Any CPU.Build.0 = Debug|Any CPU
		{1AEB88D5-1F70-3623-5735-19974B93BF63}.Release|Any CPU.ActiveCfg = Release|Any CPU
		{1AEB88D5-1F70-3623-5735-19974B93BF63}.Release|Any CPU.Build.0 = Release|Any CPU
	EndGlobalSection
	GlobalSection(SolutionProperties) = preSolution
		HideSolutionNode = FALSE
	EndGlobalSection
	GlobalSection(MonoDevelopProperties) = preSolution
		StartupItem = Assembly-CSharp.csproj
	EndGlobalSection
EndGlobal
