
Microsoft Visual Studio Solution File, Format Version 12.00
# Visual Studio 2015
Project("{FAE04EC0-301F-11D3-BF4B-00C04F79EFBC}") = "KickOut", "KickOut.csproj", "{5AF826BC-5091-1B0C-324D-8E689F89CFD5}"
EndProject
Project("{FAE04EC0-301F-11D3-BF4B-00C04F79EFBC}") = "KickOut.Editor", "KickOut.Editor.csproj", "{4A1C8BCD-6660-5E39-79CD-B243BEA9826E}"
EndProject
Global
	GlobalSection(SolutionConfigurationPlatforms) = preSolution
		Debug|Any CPU = Debug|Any CPU
		Release|Any CPU = Release|Any CPU
	EndGlobalSection
	GlobalSection(ProjectConfigurationPlatforms) = postSolution
		{5AF826BC-5091-1B0C-324D-8E689F89CFD5}.Debug|Any CPU.ActiveCfg = Debug|Any CPU
		{5AF826BC-5091-1B0C-324D-8E689F89CFD5}.Debug|Any CPU.Build.0 = Debug|Any CPU
		{5AF826BC-5091-1B0C-324D-8E689F89CFD5}.Release|Any CPU.ActiveCfg = Release|Any CPU
		{5AF826BC-5091-1B0C-324D-8E689F89CFD5}.Release|Any CPU.Build.0 = Release|Any CPU
		{4A1C8BCD-6660-5E39-79CD-B243BEA9826E}.Debug|Any CPU.ActiveCfg = Debug|Any CPU
		{4A1C8BCD-6660-5E39-79CD-B243BEA9826E}.Debug|Any CPU.Build.0 = Debug|Any CPU
		{4A1C8BCD-6660-5E39-79CD-B243BEA9826E}.Release|Any CPU.ActiveCfg = Release|Any CPU
		{4A1C8BCD-6660-5E39-79CD-B243BEA9826E}.Release|Any CPU.Build.0 = Release|Any CPU
	EndGlobalSection
	GlobalSection(SolutionProperties) = preSolution
		HideSolutionNode = FALSE
	EndGlobalSection
EndGlobal
